
Microsoft Visual Studio Solution File, Format Version 12.00
# Visual Studio Version 17
VisualStudioVersion = 17.5.002.0
MinimumVisualStudioVersion = 10.0.40219.1
Project("{9A19103F-16F7-4668-BE54-9A1E7A4F7556}") = "programacionOrientadaAObjetos", "programacionOrientadaAObjetos\programacionOrientadaAObjetos.csproj", "{25ED8DAF-98D3-4FE2-AD07-8A15165A70F4}"
EndProject
Project("{2150E333-8FDC-42A3-9474-1A3956D46DE8}") = "programacionOrientadaAObjetos (1)", "programacionOrientadaAObjetos", "{B8F4CCB4-54FA-4C8A-9B4D-D01DC0DEC7E1}"
EndProject
Project("{9A19103F-16F7-4668-BE54-9A1E7A4F7556}") = "comoCrearUnObjeto", "programacionOrientadaAObjetos\comoCrearUnObjeto\comoCrearUnObjeto.csproj", "{8C53815B-B731-4DC3-A039-95E6F6D552AB}"
EndProject
Global
	GlobalSection(SolutionConfigurationPlatforms) = preSolution
		Debug|Any CPU = Debug|Any CPU
		Release|Any CPU = Release|Any CPU
	EndGlobalSection
	GlobalSection(ProjectConfigurationPlatforms) = postSolution
		{25ED8DAF-98D3-4FE2-AD07-8A15165A70F4}.Debug|Any CPU.ActiveCfg = Debug|Any CPU
		{25ED8DAF-98D3-4FE2-AD07-8A15165A70F4}.Debug|Any CPU.Build.0 = Debug|Any CPU
		{25ED8DAF-98D3-4FE2-AD07-8A15165A70F4}.Release|Any CPU.ActiveCfg = Release|Any CPU
		{25ED8DAF-98D3-4FE2-AD07-8A15165A70F4}.Release|Any CPU.Build.0 = Release|Any CPU
		{8C53815B-B731-4DC3-A039-95E6F6D552AB}.Debug|Any CPU.ActiveCfg = Debug|Any CPU
		{8C53815B-B731-4DC3-A039-95E6F6D552AB}.Debug|Any CPU.Build.0 = Debug|Any CPU
		{8C53815B-B731-4DC3-A039-95E6F6D552AB}.Release|Any CPU.ActiveCfg = Release|Any CPU
		{8C53815B-B731-4DC3-A039-95E6F6D552AB}.Release|Any CPU.Build.0 = Release|Any CPU
	EndGlobalSection
	GlobalSection(SolutionProperties) = preSolution
		HideSolutionNode = FALSE
	EndGlobalSection
	GlobalSection(NestedProjects) = preSolution
		{8C53815B-B731-4DC3-A039-95E6F6D552AB} = {B8F4CCB4-54FA-4C8A-9B4D-D01DC0DEC7E1}
	EndGlobalSection
	GlobalSection(ExtensibilityGlobals) = postSolution
		SolutionGuid = {57126265-E81B-4C93-A00A-12B4B3AEA7BF}
	EndGlobalSection
EndGlobal
